
Microsoft Visual Studio Solution File, Format Version 12.00
# Visual Studio Version 16
VisualStudioVersion = 16.0.31702.278
MinimumVisualStudioVersion = 10.0.40219.1
Project("{FAE04EC0-301F-11D3-BF4B-00C04F79EFBC}") = "Lab16WpfApp", "Lab16WpfApp\Lab16WpfApp.csproj", "{75FC2435-B1CB-4D4A-AF9E-72B762C87B01}"
EndProject
Global
	GlobalSection(SolutionConfigurationPlatforms) = preSolution
		Debug|Any CPU = Debug|Any CPU
		Release|Any CPU = Release|Any CPU
	EndGlobalSection
	GlobalSection(ProjectConfigurationPlatforms) = postSolution
		{75FC2435-B1CB-4D4A-AF9E-72B762C87B01}.Debug|Any CPU.ActiveCfg = Debug|Any CPU
		{75FC2435-B1CB-4D4A-AF9E-72B762C87B01}.Debug|Any CPU.Build.0 = Debug|Any CPU
		{75FC2435-B1CB-4D4A-AF9E-72B762C87B01}.Release|Any CPU.ActiveCfg = Release|Any CPU
		{75FC2435-B1CB-4D4A-AF9E-72B762C87B01}.Release|Any CPU.Build.0 = Release|Any CPU
	EndGlobalSection
	GlobalSection(SolutionProperties) = preSolution
		HideSolutionNode = FALSE
	EndGlobalSection
	GlobalSection(ExtensibilityGlobals) = postSolution
		SolutionGuid = {E30F5EFA-9992-4306-BA07-7A704EBF8811}
	EndGlobalSection
EndGlobal
